# This file is autogenerated, do not edit; changes may be undone by the next 'dep ensure'.


[[projects]]
  branch = "master"
  name = "github.com/juju/errors"
  packages = ["."]
  revision = "e65537c515d77e35697c471d6c2755375cb3adc4"

[solve-meta]
  analyzer-name = "dep"
  analyzer-version = 1
  inputs-digest = "e8d9536652b2cd3fc0ec4fd6e169e16c5cb6f0b0d258dbc39c0807dad34c8c1f"
  solver-name = "gps-cdcl"
  solver-version = 1
